
Microsoft Visual Studio Solution File, Format Version 12.00
# Visual Studio 15
VisualStudioVersion = 15.0.28307.1062
MinimumVisualStudioVersion = 10.0.40219.1
Project("{FAE04EC0-301F-11D3-BF4B-00C04F79EFBC}") = "WFM.UI", "WFM.UI\WFM.UI.csproj", "{DF568F2B-4D17-452F-9A3D-A1943EE4BC43}"
EndProject
Project("{FAE04EC0-301F-11D3-BF4B-00C04F79EFBC}") = "WFM.DAL", "WFM.DAL\WFM.DAL.csproj", "{5A38799E-701C-4611-BCCD-6E80889D071A}"
EndProject
Project("{FAE04EC0-301F-11D3-BF4B-00C04F79EFBC}") = "WFM.BAL", "WFM.BAL\WFM.BAL.csproj", "{B33778DF-7397-4A8E-B8C7-8D2CC0D34D14}"
EndProject
Project("{FAE04EC0-301F-11D3-BF4B-00C04F79EFBC}") = "WFM.UI.DF", "WFM.UI.DF\WFM.UI.DF.csproj", "{17C7001E-B94B-4411-9005-D59CD83E99A6}"
EndProject
Global
	GlobalSection(SolutionConfigurationPlatforms) = preSolution
		Debug|Any CPU = Debug|Any CPU
		Release|Any CPU = Release|Any CPU
	EndGlobalSection
	GlobalSection(ProjectConfigurationPlatforms) = postSolution
		{DF568F2B-4D17-452F-9A3D-A1943EE4BC43}.Debug|Any CPU.ActiveCfg = Debug|Any CPU
		{DF568F2B-4D17-452F-9A3D-A1943EE4BC43}.Debug|Any CPU.Build.0 = Debug|Any CPU
		{DF568F2B-4D17-452F-9A3D-A1943EE4BC43}.Release|Any CPU.ActiveCfg = Release|Any CPU
		{DF568F2B-4D17-452F-9A3D-A1943EE4BC43}.Release|Any CPU.Build.0 = Release|Any CPU
		{5A38799E-701C-4611-BCCD-6E80889D071A}.Debug|Any CPU.ActiveCfg = Debug|Any CPU
		{5A38799E-701C-4611-BCCD-6E80889D071A}.Debug|Any CPU.Build.0 = Debug|Any CPU
		{5A38799E-701C-4611-BCCD-6E80889D071A}.Release|Any CPU.ActiveCfg = Release|Any CPU
		{5A38799E-701C-4611-BCCD-6E80889D071A}.Release|Any CPU.Build.0 = Release|Any CPU
		{B33778DF-7397-4A8E-B8C7-8D2CC0D34D14}.Debug|Any CPU.ActiveCfg = Debug|Any CPU
		{B33778DF-7397-4A8E-B8C7-8D2CC0D34D14}.Debug|Any CPU.Build.0 = Debug|Any CPU
		{B33778DF-7397-4A8E-B8C7-8D2CC0D34D14}.Release|Any CPU.ActiveCfg = Release|Any CPU
		{B33778DF-7397-4A8E-B8C7-8D2CC0D34D14}.Release|Any CPU.Build.0 = Release|Any CPU
		{17C7001E-B94B-4411-9005-D59CD83E99A6}.Debug|Any CPU.ActiveCfg = Debug|Any CPU
		{17C7001E-B94B-4411-9005-D59CD83E99A6}.Debug|Any CPU.Build.0 = Debug|Any CPU
		{17C7001E-B94B-4411-9005-D59CD83E99A6}.Release|Any CPU.ActiveCfg = Release|Any CPU
		{17C7001E-B94B-4411-9005-D59CD83E99A6}.Release|Any CPU.Build.0 = Release|Any CPU
	EndGlobalSection
	GlobalSection(SolutionProperties) = preSolution
		HideSolutionNode = FALSE
	EndGlobalSection
	GlobalSection(ExtensibilityGlobals) = postSolution
		SolutionGuid = {F0B38112-024B-4E1D-AAB2-9042558EA731}
	EndGlobalSection
EndGlobal
